
Microsoft Visual Studio Solution File, Format Version 12.00
# Visual Studio Version 17
VisualStudioVersion = 17.4.33213.308
MinimumVisualStudioVersion = 10.0.40219.1
Project("{FAE04EC0-301F-11D3-BF4B-00C04F79EFBC}") = "Simple_Exchange", "Simple_Exchange\Simple_Exchange.csproj", "{199B4D79-5B1C-4A53-87ED-6E13C0B03858}"
EndProject
Global
	GlobalSection(SolutionConfigurationPlatforms) = preSolution
		Debug|Any CPU = Debug|Any CPU
		Release|Any CPU = Release|Any CPU
	EndGlobalSection
	GlobalSection(ProjectConfigurationPlatforms) = postSolution
		{199B4D79-5B1C-4A53-87ED-6E13C0B03858}.Debug|Any CPU.ActiveCfg = Debug|Any CPU
		{199B4D79-5B1C-4A53-87ED-6E13C0B03858}.Debug|Any CPU.Build.0 = Debug|Any CPU
		{199B4D79-5B1C-4A53-87ED-6E13C0B03858}.Release|Any CPU.ActiveCfg = Release|Any CPU
		{199B4D79-5B1C-4A53-87ED-6E13C0B03858}.Release|Any CPU.Build.0 = Release|Any CPU
	EndGlobalSection
	GlobalSection(SolutionProperties) = preSolution
		HideSolutionNode = FALSE
	EndGlobalSection
	GlobalSection(ExtensibilityGlobals) = postSolution
		SolutionGuid = {55AE6574-477D-4AA7-B1A7-3BB99033863A}
	EndGlobalSection
EndGlobal
